
Microsoft Visual Studio Solution File, Format Version 12.00
# Visual Studio 15
VisualStudioVersion = 15.0.28010.2046
MinimumVisualStudioVersion = 10.0.40219.1
Project("{9A19103F-16F7-4668-BE54-9A1E7A4F7556}") = "OdeToFood2", "OdeToFood2\OdeToFood2.csproj", "{93A42EC2-43CC-4EE3-9E96-577AE99A3631}"
EndProject
Project("{9A19103F-16F7-4668-BE54-9A1E7A4F7556}") = "OdeToFood2.Core", "OdeToFood2.Core\OdeToFood2.Core.csproj", "{18A4A1FB-160B-453F-98D3-CAB15E35789A}"
EndProject
Project("{9A19103F-16F7-4668-BE54-9A1E7A4F7556}") = "OdeToFood2.Data", "OdeToFood2.Data\OdeToFood2.Data.csproj", "{90DCE903-E2E2-4F41-8CA2-14E0D41F34DE}"
EndProject
Global
	GlobalSection(SolutionConfigurationPlatforms) = preSolution
		Debug|Any CPU = Debug|Any CPU
		Release|Any CPU = Release|Any CPU
	EndGlobalSection
	GlobalSection(ProjectConfigurationPlatforms) = postSolution
		{93A42EC2-43CC-4EE3-9E96-577AE99A3631}.Debug|Any CPU.ActiveCfg = Debug|Any CPU
		{93A42EC2-43CC-4EE3-9E96-577AE99A3631}.Debug|Any CPU.Build.0 = Debug|Any CPU
		{93A42EC2-43CC-4EE3-9E96-577AE99A3631}.Release|Any CPU.ActiveCfg = Release|Any CPU
		{93A42EC2-43CC-4EE3-9E96-577AE99A3631}.Release|Any CPU.Build.0 = Release|Any CPU
		{18A4A1FB-160B-453F-98D3-CAB15E35789A}.Debug|Any CPU.ActiveCfg = Debug|Any CPU
		{18A4A1FB-160B-453F-98D3-CAB15E35789A}.Debug|Any CPU.Build.0 = Debug|Any CPU
		{18A4A1FB-160B-453F-98D3-CAB15E35789A}.Release|Any CPU.ActiveCfg = Release|Any CPU
		{18A4A1FB-160B-453F-98D3-CAB15E35789A}.Release|Any CPU.Build.0 = Release|Any CPU
		{90DCE903-E2E2-4F41-8CA2-14E0D41F34DE}.Debug|Any CPU.ActiveCfg = Debug|Any CPU
		{90DCE903-E2E2-4F41-8CA2-14E0D41F34DE}.Debug|Any CPU.Build.0 = Debug|Any CPU
		{90DCE903-E2E2-4F41-8CA2-14E0D41F34DE}.Release|Any CPU.ActiveCfg = Release|Any CPU
		{90DCE903-E2E2-4F41-8CA2-14E0D41F34DE}.Release|Any CPU.Build.0 = Release|Any CPU
	EndGlobalSection
	GlobalSection(SolutionProperties) = preSolution
		HideSolutionNode = FALSE
	EndGlobalSection
	GlobalSection(ExtensibilityGlobals) = postSolution
		SolutionGuid = {06E08229-E9FB-43F3-ABFE-2475F7FC04B0}
	EndGlobalSection
EndGlobal
